{
  "name": "react-is",
  "version": "19.0.0",
  "lockfileVersion": 3,
  "requires": true,
  "packages": {
    "": {
      "name": "react-is",
      "version": "19.0.0",
      "license": "MIT",
      "dependencies": {
        "react-is": "file:"
      }
    },
    "node_modules/react-is": {
      "resolved": "",
      "link": true
    }
  }
}
